
Microsoft Visual Studio Solution File, Format Version 12.00
# Visual Studio Version 17
VisualStudioVersion = 17.6.33723.286
MinimumVisualStudioVersion = 10.0.40219.1
Project("{FAE04EC0-301F-11D3-BF4B-00C04F79EFBC}") = "AbleSet Converter", "AbleSet Converter\AbleSet Converter.csproj", "{B008197A-4E26-49CD-AF68-EAA5A13B2F43}"
EndProject
Global
	GlobalSection(SolutionConfigurationPlatforms) = preSolution
		Debug|Any CPU = Debug|Any CPU
		Release|Any CPU = Release|Any CPU
	EndGlobalSection
	GlobalSection(ProjectConfigurationPlatforms) = postSolution
		{B008197A-4E26-49CD-AF68-EAA5A13B2F43}.Debug|Any CPU.ActiveCfg = Debug|Any CPU
		{B008197A-4E26-49CD-AF68-EAA5A13B2F43}.Debug|Any CPU.Build.0 = Debug|Any CPU
		{B008197A-4E26-49CD-AF68-EAA5A13B2F43}.Release|Any CPU.ActiveCfg = Release|Any CPU
		{B008197A-4E26-49CD-AF68-EAA5A13B2F43}.Release|Any CPU.Build.0 = Release|Any CPU
	EndGlobalSection
	GlobalSection(SolutionProperties) = preSolution
		HideSolutionNode = FALSE
	EndGlobalSection
	GlobalSection(ExtensibilityGlobals) = postSolution
		SolutionGuid = {9E569853-42B1-443D-8265-DBC3E138567B}
	EndGlobalSection
EndGlobal
